
Microsoft Visual Studio Solution File, Format Version 12.00
# Visual Studio Version 17
VisualStudioVersion = 17.11.35222.181
MinimumVisualStudioVersion = 10.0.40219.1
Project("{FAE04EC0-301F-11D3-BF4B-00C04F79EFBC}") = "ScaffoldingEngine.Core", "ScaffoldingEngine.Core\ScaffoldingEngine.Core.csproj", "{8C6393C3-1565-43F4-9A2D-7FF6524DD7FD}"
EndProject
Project("{FAE04EC0-301F-11D3-BF4B-00C04F79EFBC}") = "ScaffoldingEngine.CLI", "ScaffoldingEngine.CLI\ScaffoldingEngine.CLI.csproj", "{0D5459C6-AC00-4B53-BAEC-9BD95363C45A}"
EndProject
Global
	GlobalSection(SolutionConfigurationPlatforms) = preSolution
		Debug|Any CPU = Debug|Any CPU
		Release|Any CPU = Release|Any CPU
	EndGlobalSection
	GlobalSection(ProjectConfigurationPlatforms) = postSolution
		{8C6393C3-1565-43F4-9A2D-7FF6524DD7FD}.Debug|Any CPU.ActiveCfg = Debug|Any CPU
		{8C6393C3-1565-43F4-9A2D-7FF6524DD7FD}.Debug|Any CPU.Build.0 = Debug|Any CPU
		{8C6393C3-1565-43F4-9A2D-7FF6524DD7FD}.Release|Any CPU.ActiveCfg = Release|Any CPU
		{8C6393C3-1565-43F4-9A2D-7FF6524DD7FD}.Release|Any CPU.Build.0 = Release|Any CPU
		{0D5459C6-AC00-4B53-BAEC-9BD95363C45A}.Debug|Any CPU.ActiveCfg = Debug|Any CPU
		{0D5459C6-AC00-4B53-BAEC-9BD95363C45A}.Debug|Any CPU.Build.0 = Debug|Any CPU
		{0D5459C6-AC00-4B53-BAEC-9BD95363C45A}.Release|Any CPU.ActiveCfg = Release|Any CPU
		{0D5459C6-AC00-4B53-BAEC-9BD95363C45A}.Release|Any CPU.Build.0 = Release|Any CPU
	EndGlobalSection
	GlobalSection(SolutionProperties) = preSolution
		HideSolutionNode = FALSE
	EndGlobalSection
	GlobalSection(ExtensibilityGlobals) = postSolution
		SolutionGuid = {01592807-01B0-4A54-9C6C-B858E12FCD52}
	EndGlobalSection
EndGlobal
